
Microsoft Visual Studio Solution File, Format Version 12.00
# Visual Studio Version 16
VisualStudioVersion = 16.0.30517.126
MinimumVisualStudioVersion = 10.0.40219.1
Project("{9A19103F-16F7-4668-BE54-9A1E7A4F7556}") = "key 2", "key 2\key 2.csproj", "{B6F04025-10CA-4410-8367-C70AB7324860}"
EndProject
Project("{FAE04EC0-301F-11D3-BF4B-00C04F79EFBC}") = "UnitTestProject1", "UnitTestProject1\UnitTestProject1.csproj", "{FAFD6A2E-026F-4584-80CF-3ACF7F44A94E}"
EndProject
Global
	GlobalSection(SolutionConfigurationPlatforms) = preSolution
		Debug|Any CPU = Debug|Any CPU
		Release|Any CPU = Release|Any CPU
	EndGlobalSection
	GlobalSection(ProjectConfigurationPlatforms) = postSolution
		{B6F04025-10CA-4410-8367-C70AB7324860}.Debug|Any CPU.ActiveCfg = Debug|Any CPU
		{B6F04025-10CA-4410-8367-C70AB7324860}.Debug|Any CPU.Build.0 = Debug|Any CPU
		{B6F04025-10CA-4410-8367-C70AB7324860}.Release|Any CPU.ActiveCfg = Release|Any CPU
		{B6F04025-10CA-4410-8367-C70AB7324860}.Release|Any CPU.Build.0 = Release|Any CPU
		{FAFD6A2E-026F-4584-80CF-3ACF7F44A94E}.Debug|Any CPU.ActiveCfg = Debug|Any CPU
		{FAFD6A2E-026F-4584-80CF-3ACF7F44A94E}.Debug|Any CPU.Build.0 = Debug|Any CPU
		{FAFD6A2E-026F-4584-80CF-3ACF7F44A94E}.Release|Any CPU.ActiveCfg = Release|Any CPU
		{FAFD6A2E-026F-4584-80CF-3ACF7F44A94E}.Release|Any CPU.Build.0 = Release|Any CPU
	EndGlobalSection
	GlobalSection(SolutionProperties) = preSolution
		HideSolutionNode = FALSE
	EndGlobalSection
	GlobalSection(ExtensibilityGlobals) = postSolution
		SolutionGuid = {F9DDB478-EEB2-4B9E-8AB2-659FFCA6F84C}
	EndGlobalSection
EndGlobal
